
Microsoft Visual Studio Solution File, Format Version 12.00
# Visual Studio Version 17
VisualStudioVersion = 17.9.34616.47
MinimumVisualStudioVersion = 10.0.40219.1
Project("{9A19103F-16F7-4668-BE54-9A1E7A4F7556}") = "Dictionar", "lab 2 mav\Dictionar.csproj", "{43BBC0BF-CD31-4EFC-B809-820B88941B7F}"
EndProject
Project("{2150E333-8FDC-42A3-9474-1A3956D46DE8}") = "Solution Items", "Solution Items", "{16D834B1-4199-441A-A02A-8E25EDBB5692}"
EndProject
Global
	GlobalSection(SolutionConfigurationPlatforms) = preSolution
		Debug|Any CPU = Debug|Any CPU
		Release|Any CPU = Release|Any CPU
	EndGlobalSection
	GlobalSection(ProjectConfigurationPlatforms) = postSolution
		{43BBC0BF-CD31-4EFC-B809-820B88941B7F}.Debug|Any CPU.ActiveCfg = Debug|Any CPU
		{43BBC0BF-CD31-4EFC-B809-820B88941B7F}.Debug|Any CPU.Build.0 = Debug|Any CPU
		{43BBC0BF-CD31-4EFC-B809-820B88941B7F}.Release|Any CPU.ActiveCfg = Release|Any CPU
		{43BBC0BF-CD31-4EFC-B809-820B88941B7F}.Release|Any CPU.Build.0 = Release|Any CPU
	EndGlobalSection
	GlobalSection(SolutionProperties) = preSolution
		HideSolutionNode = FALSE
	EndGlobalSection
	GlobalSection(ExtensibilityGlobals) = postSolution
		SolutionGuid = {9DF0153C-0646-460C-9BD7-3D2391AD2105}
	EndGlobalSection
EndGlobal
